
Microsoft Visual Studio Solution File, Format Version 12.00
# Visual Studio Version 16
VisualStudioVersion = 16.0.30002.166
MinimumVisualStudioVersion = 10.0.40219.1
Project("{FAE04EC0-301F-11D3-BF4B-00C04F79EFBC}") = "HelloConsole", "HelloConsole\HelloConsole.csproj", "{B620B6C4-5810-45BF-9C65-E1B725F9DF58}"
EndProject
Global
	GlobalSection(SolutionConfigurationPlatforms) = preSolution
		Debug|Any CPU = Debug|Any CPU
		Release|Any CPU = Release|Any CPU
	EndGlobalSection
	GlobalSection(ProjectConfigurationPlatforms) = postSolution
		{B620B6C4-5810-45BF-9C65-E1B725F9DF58}.Debug|Any CPU.ActiveCfg = Debug|Any CPU
		{B620B6C4-5810-45BF-9C65-E1B725F9DF58}.Debug|Any CPU.Build.0 = Debug|Any CPU
		{B620B6C4-5810-45BF-9C65-E1B725F9DF58}.Release|Any CPU.ActiveCfg = Release|Any CPU
		{B620B6C4-5810-45BF-9C65-E1B725F9DF58}.Release|Any CPU.Build.0 = Release|Any CPU
	EndGlobalSection
	GlobalSection(SolutionProperties) = preSolution
		HideSolutionNode = FALSE
	EndGlobalSection
	GlobalSection(ExtensibilityGlobals) = postSolution
		SolutionGuid = {9FAE50AF-8DA0-4692-B3FE-F8062B6EF020}
	EndGlobalSection
EndGlobal
